
Microsoft Visual Studio Solution File, Format Version 12.00
# Visual Studio 15
VisualStudioVersion = 15.0.26403.3
MinimumVisualStudioVersion = 10.0.40219.1
Project("{FAE04EC0-301F-11D3-BF4B-00C04F79EFBC}") = "OdeToFood", "OdeToFood\OdeToFood.csproj", "{DFBC87BA-9CC8-4FA0-B000-CBBB93D09FD4}"
EndProject
Project("{FAE04EC0-301F-11D3-BF4B-00C04F79EFBC}") = "OdeToFood.Tests", "OdeToFood.Tests\OdeToFood.Tests.csproj", "{73CDBCB3-97B9-44F7-90E5-8A584806B39F}"
EndProject
Global
	GlobalSection(SolutionConfigurationPlatforms) = preSolution
		Debug|Any CPU = Debug|Any CPU
		Release|Any CPU = Release|Any CPU
	EndGlobalSection
	GlobalSection(ProjectConfigurationPlatforms) = postSolution
		{DFBC87BA-9CC8-4FA0-B000-CBBB93D09FD4}.Debug|Any CPU.ActiveCfg = Debug|Any CPU
		{DFBC87BA-9CC8-4FA0-B000-CBBB93D09FD4}.Debug|Any CPU.Build.0 = Debug|Any CPU
		{DFBC87BA-9CC8-4FA0-B000-CBBB93D09FD4}.Release|Any CPU.ActiveCfg = Release|Any CPU
		{DFBC87BA-9CC8-4FA0-B000-CBBB93D09FD4}.Release|Any CPU.Build.0 = Release|Any CPU
		{73CDBCB3-97B9-44F7-90E5-8A584806B39F}.Debug|Any CPU.ActiveCfg = Debug|Any CPU
		{73CDBCB3-97B9-44F7-90E5-8A584806B39F}.Debug|Any CPU.Build.0 = Debug|Any CPU
		{73CDBCB3-97B9-44F7-90E5-8A584806B39F}.Release|Any CPU.ActiveCfg = Release|Any CPU
		{73CDBCB3-97B9-44F7-90E5-8A584806B39F}.Release|Any CPU.Build.0 = Release|Any CPU
	EndGlobalSection
	GlobalSection(SolutionProperties) = preSolution
		HideSolutionNode = FALSE
	EndGlobalSection
EndGlobal
